// !$*UTF8*$!
{
	archiveVersion = 1;
	classes = {
	};
	objectVersion = 56;
	objects = {

/* Begin PBXBuildFile section */
		E31A3E002B8266E700D7E5F4 /* AppDelegate.swift in Sources */ = {isa = PBXBuildFile; fileRef = E31A3DFF2B8266E700D7E5F4 /* AppDelegate.swift */; };
		E31A3E022B8266E700D7E5F4 /* SceneDelegate.swift in Sources */ = {isa = PBXBuildFile; fileRef = E31A3E012B8266E700D7E5F4 /* SceneDelegate.swift */; };
		E31A3E042B8266E700D7E5F4 /* ViewController.swift in Sources */ = {isa = PBXBuildFile; fileRef = E31A3E032B8266E700D7E5F4 /* ViewController.swift */; };
		E31A3E072B8266E700D7E5F4 /* Main.storyboard in Resources */ = {isa = PBXBuildFile; fileRef = E31A3E052B8266E700D7E5F4 /* Main.storyboard */; };
		E31A3E092B8266E800D7E5F4 /* Assets.xcassets in Resources */ = {isa = PBXBuildFile; fileRef = E31A3E082B8266E800D7E5F4 /* Assets.xcassets */; };
		E31A3E0C2B8266E800D7E5F4 /* LaunchScreen.storyboard in Resources */ = {isa = PBXBuildFile; fileRef = E31A3E0A2B8266E800D7E5F4 /* LaunchScreen.storyboard */; };
		E31A3E172B8266E800D7E5F4 /* YatayMenuTests.swift in Sources */ = {isa = PBXBuildFile; fileRef = E31A3E162B8266E800D7E5F4 /* YatayMenuTests.swift */; };
		E31A3E212B8266E800D7E5F4 /* YatayMenuUITests.swift in Sources */ = {isa = PBXBuildFile; fileRef = E31A3E202B8266E800D7E5F4 /* YatayMenuUITests.swift */; };
		E31A3E232B8266E800D7E5F4 /* YatayMenuUITestsLaunchTests.swift in Sources */ = {isa = PBXBuildFile; fileRef = E31A3E222B8266E800D7E5F4 /* YatayMenuUITestsLaunchTests.swift */; };
/* End PBXBuildFile section */

/* Begin PBXContainerItemProxy section */
		E31A3E132B8266E800D7E5F4 /* PBXContainerItemProxy */ = {
			isa = PBXContainerItemProxy;
			containerPortal = E31A3DF42B8266E700D7E5F4 /* Project object */;
			proxyType = 1;
			remoteGlobalIDString = E31A3DFB2B8266E700D7E5F4;
			remoteInfo = YatayMenu;
		};
		E31A3E1D2B8266E800D7E5F4 /* PBXContainerItemProxy */ = {
			isa = PBXContainerItemProxy;
			containerPortal = E31A3DF42B8266E700D7E5F4 /* Project object */;
			proxyType = 1;
			remoteGlobalIDString = E31A3DFB2B8266E700D7E5F4;
			remoteInfo = YatayMenu;
		};
/* End PBXContainerItemProxy section */

/* Begin PBXFileReference section */
		E31A3DFC2B8266E700D7E5F4 /* YatayMenu.app */ = {isa = PBXFileReference; explicitFileType = wrapper.application; includeInIndex = 0; path = YatayMenu.app; sourceTree = BUILT_PRODUCTS_DIR; };
		E31A3DFF2B8266E700D7E5F4 /* AppDelegate.swift */ = {isa = PBXFileReference; lastKnownFileType = sourcecode.swift; path = AppDelegate.swift; sourceTree = "<group>"; };
		E31A3E012B8266E700D7E5F4 /* SceneDelegate.swift */ = {isa = PBXFileReference; lastKnownFileType = sourcecode.swift; path = SceneDelegate.swift; sourceTree = "<group>"; };
		E31A3E032B8266E700D7E5F4 /* ViewController.swift */ = {isa = PBXFileReference; lastKnownFileType = sourcecode.swift; path = ViewController.swift; sourceTree = "<group>"; };
		E31A3E062B8266E700D7E5F4 /* Base */ = {isa = PBXFileReference; lastKnownFileType = file.storyboard; name = Base; path = Base.lproj/Main.storyboard; sourceTree = "<group>"; };
		E31A3E082B8266E800D7E5F4 /* Assets.xcassets */ = {isa = PBXFileReference; lastKnownFileType = folder.assetcatalog; path = Assets.xcassets; sourceTree = "<group>"; };
		E31A3E0B2B8266E800D7E5F4 /* Base */ = {isa = PBXFileReference; lastKnownFileType = file.storyboard; name = Base; path = Base.lproj/LaunchScreen.storyboard; sourceTree = "<group>"; };
		E31A3E0D2B8266E800D7E5F4 /* Info.plist */ = {isa = PBXFileReference; lastKnownFileType = text.plist.xml; path = Info.plist; sourceTree = "<group>"; };
		E31A3E122B8266E800D7E5F4 /* YatayMenuTests.xctest */ = {isa = PBXFileReference; explicitFileType = wrapper.cfbundle; includeInIndex = 0; path = YatayMenuTests.xctest; sourceTree = BUILT_PRODUCTS_DIR; };
		E31A3E162B8266E800D7E5F4 /* YatayMenuTests.swift */ = {isa = PBXFileReference; lastKnownFileType = sourcecode.swift; path = YatayMenuTests.swift; sourceTree = "<group>"; };
		E31A3E1C2B8266E800D7E5F4 /* YatayMenuUITests.xctest */ = {isa = PBXFileReference; explicitFileType = wrapper.cfbundle; includeInIndex = 0; path = YatayMenuUITests.xctest; sourceTree = BUILT_PRODUCTS_DIR; };
		E31A3E202B8266E800D7E5F4 /* YatayMenuUITests.swift */ = {isa = PBXFileReference; lastKnownFileType = sourcecode.swift; path = YatayMenuUITests.swift; sourceTree = "<group>"; };
		E31A3E222B8266E800D7E5F4 /* YatayMenuUITestsLaunchTests.swift */ = {isa = PBXFileReference; lastKnownFileType = sourcecode.swift; path = YatayMenuUITestsLaunchTests.swift; sourceTree = "<group>"; };
/* End PBXFileReference section */

/* Begin PBXFrameworksBuildPhase section */
		E31A3DF92B8266E700D7E5F4 /* Frameworks */ = {
			isa = PBXFrameworksBuildPhase;
			buildActionMask = 2147483647;
			files = (
			);
			runOnlyForDeploymentPostprocessing = 0;
		};
		E31A3E0F2B8266E800D7E5F4 /* Frameworks */ = {
			isa = PBXFrameworksBuildPhase;
			buildActionMask = 2147483647;
			files = (
			);
			runOnlyForDeploymentPostprocessing = 0;
		};
		E31A3E192B8266E800D7E5F4 /* Frameworks */ = {
			isa = PBXFrameworksBuildPhase;
			buildActionMask = 2147483647;
			files = (
			);
			runOnlyForDeploymentPostprocessing = 0;
		};
/* End PBXFrameworksBuildPhase section */

/* Begin PBXGroup section */
		E31A3DF32B8266E700D7E5F4 = {
			isa = PBXGroup;
			children = (
				E31A3DFE2B8266E700D7E5F4 /* YatayMenu */,
				E31A3E152B8266E800D7E5F4 /* YatayMenuTests */,
				E31A3E1F2B8266E800D7E5F4 /* YatayMenuUITests */,
				E31A3DFD2B8266E700D7E5F4 /* Products */,
			);
			sourceTree = "<group>";
		};
		E31A3DFD2B8266E700D7E5F4 /* Products */ = {
			isa = PBXGroup;
			children = (
				E31A3DFC2B8266E700D7E5F4 /* YatayMenu.app */,
				E31A3E122B8266E800D7E5F4 /* YatayMenuTests.xctest */,
				E31A3E1C2B8266E800D7E5F4 /* YatayMenuUITests.xctest */,
			);
			name = Products;
			sourceTree = "<group>";
		};
		E31A3DFE2B8266E700D7E5F4 /* YatayMenu */ = {
			isa = PBXGroup;
			children = (
				E31A3DFF2B8266E700D7E5F4 /* AppDelegate.swift */,
				E31A3E012B8266E700D7E5F4 /* SceneDelegate.swift */,
				E31A3E032B8266E700D7E5F4 /* ViewController.swift */,
				E31A3E052B8266E700D7E5F4 /* Main.storyboard */,
				E31A3E082B8266E800D7E5F4 /* Assets.xcassets */,
				E31A3E0A2B8266E800D7E5F4 /* LaunchScreen.storyboard */,
				E31A3E0D2B8266E800D7E5F4 /* Info.plist */,
			);
			path = YatayMenu;
			sourceTree = "<group>";
		};
		E31A3E152B8266E800D7E5F4 /* YatayMenuTests */ = {
			isa = PBXGroup;
			children = (
				E31A3E162B8266E800D7E5F4 /* YatayMenuTests.swift */,
			);
			path = YatayMenuTests;
			sourceTree = "<group>";
		};
		E31A3E1F2B8266E800D7E5F4 /* YatayMenuUITests */ = {
			isa = PBXGroup;
			children = (
				E31A3E202B8266E800D7E5F4 /* YatayMenuUITests.swift */,
				E31A3E222B8266E800D7E5F4 /* YatayMenuUITestsLaunchTests.swift */,
			);
			path = YatayMenuUITests;
			sourceTree = "<group>";
		};
/* End PBXGroup section */

/* Begin PBXNativeTarget section */
		E31A3DFB2B8266E700D7E5F4 /* YatayMenu */ = {
			isa = PBXNativeTarget;
			buildConfigurationList = E31A3E262B8266E800D7E5F4 /* Build configuration list for PBXNativeTarget "YatayMenu" */;
			buildPhases = (
				E31A3DF82B8266E700D7E5F4 /* Sources */,
				E31A3DF92B8266E700D7E5F4 /* Frameworks */,
				E31A3DFA2B8266E700D7E5F4 /* Resources */,
			);
			buildRules = (
			);
			dependencies = (
			);
			name = YatayMenu;
			productName = YatayMenu;
			productReference = E31A3DFC2B8266E700D7E5F4 /* YatayMenu.app */;
			productType = "com.apple.product-type.application";
		};
		E31A3E112B8266E800D7E5F4 /* YatayMenuTests */ = {
			isa = PBXNativeTarget;
			buildConfigurationList = E31A3E292B8266E800D7E5F4 /* Build configuration list for PBXNativeTarget "YatayMenuTests" */;
			buildPhases = (
				E31A3E0E2B8266E800D7E5F4 /* Sources */,
				E31A3E0F2B8266E800D7E5F4 /* Frameworks */,
				E31A3E102B8266E800D7E5F4 /* Resources */,
			);
			buildRules = (
			);
			dependencies = (
				E31A3E142B8266E800D7E5F4 /* PBXTargetDependency */,
			);
			name = YatayMenuTests;
			productName = YatayMenuTests;
			productReference = E31A3E122B8266E800D7E5F4 /* YatayMenuTests.xctest */;
			productType = "com.apple.product-type.bundle.unit-test";
		};
		E31A3E1B2B8266E800D7E5F4 /* YatayMenuUITests */ = {
			isa = PBXNativeTarget;
			buildConfigurationList = E31A3E2C2B8266E800D7E5F4 /* Build configuration list for PBXNativeTarget "YatayMenuUITests" */;
			buildPhases = (
				E31A3E182B8266E800D7E5F4 /* Sources */,
				E31A3E192B8266E800D7E5F4 /* Frameworks */,
				E31A3E1A2B8266E800D7E5F4 /* Resources */,
			);
			buildRules = (
			);
			dependencies = (
				E31A3E1E2B8266E800D7E5F4 /* PBXTargetDependency */,
			);
			name = YatayMenuUITests;
			productName = YatayMenuUITests;
			productReference = E31A3E1C2B8266E800D7E5F4 /* YatayMenuUITests.xctest */;
			productType = "com.apple.product-type.bundle.ui-testing";
		};
/* End PBXNativeTarget section */

/* Begin PBXProject section */
		E31A3DF42B8266E700D7E5F4 /* Project object */ = {
			isa = PBXProject;
			attributes = {
				BuildIndependentTargetsInParallel = 1;
				LastSwiftUpdateCheck = 1430;
				LastUpgradeCheck = 1430;
				TargetAttributes = {
					E31A3DFB2B8266E700D7E5F4 = {
						CreatedOnToolsVersion = 14.3.1;
					};
					E31A3E112B8266E800D7E5F4 = {
						CreatedOnToolsVersion = 14.3.1;
						TestTargetID = E31A3DFB2B8266E700D7E5F4;
					};
					E31A3E1B2B8266E800D7E5F4 = {
						CreatedOnToolsVersion = 14.3.1;
						TestTargetID = E31A3DFB2B8266E700D7E5F4;
					};
				};
			};
			buildConfigurationList = E31A3DF72B8266E700D7E5F4 /* Build configuration list for PBXProject "YatayMenu" */;
			compatibilityVersion = "Xcode 14.0";
			developmentRegion = en;
			hasScannedForEncodings = 0;
			knownRegions = (
				en,
				Base,
			);
			mainGroup = E31A3DF32B8266E700D7E5F4;
			productRefGroup = E31A3DFD2B8266E700D7E5F4 /* Products */;
			projectDirPath = "";
			projectRoot = "";
			targets = (
				E31A3DFB2B8266E700D7E5F4 /* YatayMenu */,
				E31A3E112B8266E800D7E5F4 /* YatayMenuTests */,
				E31A3E1B2B8266E800D7E5F4 /* YatayMenuUITests */,
			);
		};
/* End PBXProject section */

/* Begin PBXResourcesBuildPhase section */
		E31A3DFA2B8266E700D7E5F4 /* Resources */ = {
			isa = PBXResourcesBuildPhase;
			buildActionMask = 2147483647;
			files = (
				E31A3E0C2B8266E800D7E5F4 /* LaunchScreen.storyboard in Resources */,
				E31A3E092B8266E800D7E5F4 /* Assets.xcassets in Resources */,
				E31A3E072B8266E700D7E5F4 /* Main.storyboard in Resources */,
			);
			runOnlyForDeploymentPostprocessing = 0;
		};
		E31A3E102B8266E800D7E5F4 /* Resources */ = {
			isa = PBXResourcesBuildPhase;
			buildActionMask = 2147483647;
			files = (
			);
			runOnlyForDeploymentPostprocessing = 0;
		};
		E31A3E1A2B8266E800D7E5F4 /* Resources */ = {
			isa = PBXResourcesBuildPhase;
			buildActionMask = 2147483647;
			files = (
			);
			runOnlyForDeploymentPostprocessing = 0;
		};
/* End PBXResourcesBuildPhase section */

/* Begin PBXSourcesBuildPhase section */
		E31A3DF82B8266E700D7E5F4 /* Sources */ = {
			isa = PBXSourcesBuildPhase;
			buildActionMask = 2147483647;
			files = (
				E31A3E042B8266E700D7E5F4 /* ViewController.swift in Sources */,
				E31A3E002B8266E700D7E5F4 /* AppDelegate.swift in Sources */,
				E31A3E022B8266E700D7E5F4 /* SceneDelegate.swift in Sources */,
			);
			runOnlyForDeploymentPostprocessing = 0;
		};
		E31A3E0E2B8266E800D7E5F4 /* Sources */ = {
			isa = PBXSourcesBuildPhase;
			buildActionMask = 2147483647;
			files = (
				E31A3E172B8266E800D7E5F4 /* YatayMenuTests.swift in Sources */,
			);
			runOnlyForDeploymentPostprocessing = 0;
		};
		E31A3E182B8266E800D7E5F4 /* Sources */ = {
			isa = PBXSourcesBuildPhase;
			buildActionMask = 2147483647;
			files = (
				E31A3E232B8266E800D7E5F4 /* YatayMenuUITestsLaunchTests.swift in Sources */,
				E31A3E212B8266E800D7E5F4 /* YatayMenuUITests.swift in Sources */,
			);
			runOnlyForDeploymentPostprocessing = 0;
		};
/* End PBXSourcesBuildPhase section */

/* Begin PBXTargetDependency section */
		E31A3E142B8266E800D7E5F4 /* PBXTargetDependency */ = {
			isa = PBXTargetDependency;
			target = E31A3DFB2B8266E700D7E5F4 /* YatayMenu */;
			targetProxy = E31A3E132B8266E800D7E5F4 /* PBXContainerItemProxy */;
		};
		E31A3E1E2B8266E800D7E5F4 /* PBXTargetDependency */ = {
			isa = PBXTargetDependency;
			target = E31A3DFB2B8266E700D7E5F4 /* YatayMenu */;
			targetProxy = E31A3E1D2B8266E800D7E5F4 /* PBXContainerItemProxy */;
		};
/* End PBXTargetDependency section */

/* Begin PBXVariantGroup section */
		E31A3E052B8266E700D7E5F4 /* Main.storyboard */ = {
			isa = PBXVariantGroup;
			children = (
				E31A3E062B8266E700D7E5F4 /* Base */,
			);
			name = Main.storyboard;
			sourceTree = "<group>";
		};
		E31A3E0A2B8266E800D7E5F4 /* LaunchScreen.storyboard */ = {
			isa = PBXVariantGroup;
			children = (
				E31A3E0B2B8266E800D7E5F4 /* Base */,
			);
			name = LaunchScreen.storyboard;
			sourceTree = "<group>";
		};
/* End PBXVariantGroup section */

/* Begin XCBuildConfiguration section */
		E31A3E242B8266E800D7E5F4 /* Debug */ = {
			isa = XCBuildConfiguration;
			buildSettings = {
				ALWAYS_SEARCH_USER_PATHS = NO;
				CLANG_ANALYZER_NONNULL = YES;
				CLANG_ANALYZER_NUMBER_OBJECT_CONVERSION = YES_AGGRESSIVE;
				CLANG_CXX_LANGUAGE_STANDARD = "gnu++20";
				CLANG_ENABLE_MODULES = YES;
				CLANG_ENABLE_OBJC_ARC = YES;
				CLANG_ENABLE_OBJC_WEAK = YES;
				CLANG_WARN_BLOCK_CAPTURE_AUTORELEASING = YES;
				CLANG_WARN_BOOL_CONVERSION = YES;
				CLANG_WARN_COMMA = YES;
				CLANG_WARN_CONSTANT_CONVERSION = YES;
				CLANG_WARN_DEPRECATED_OBJC_IMPLEMENTATIONS = YES;
				CLANG_WARN_DIRECT_OBJC_ISA_USAGE = YES_ERROR;
				CLANG_WARN_DOCUMENTATION_COMMENTS = YES;
				CLANG_WARN_EMPTY_BODY = YES;
				CLANG_WARN_ENUM_CONVERSION = YES;
				CLANG_WARN_INFINITE_RECURSION = YES;
				CLANG_WARN_INT_CONVERSION = YES;
				CLANG_WARN_NON_LITERAL_NULL_CONVERSION = YES;
				CLANG_WARN_OBJC_IMPLICIT_RETAIN_SELF = YES;
				CLANG_WARN_OBJC_LITERAL_CONVERSION = YES;
				CLANG_WARN_OBJC_ROOT_CLASS = YES_ERROR;
				CLANG_WARN_QUOTED_INCLUDE_IN_FRAMEWORK_HEADER = YES;
				CLANG_WARN_RANGE_LOOP_ANALYSIS = YES;
				CLANG_WARN_STRICT_PROTOTYPES = YES;
				CLANG_WARN_SUSPICIOUS_MOVE = YES;
				CLANG_WARN_UNGUARDED_AVAILABILITY = YES_AGGRESSIVE;
				CLANG_WARN_UNREACHABLE_CODE = YES;
				CLANG_WARN__DUPLICATE_METHOD_MATCH = YES;
				COPY_PHASE_STRIP = NO;
				DEBUG_INFORMATION_FORMAT = dwarf;
				ENABLE_STRICT_OBJC_MSGSEND = YES;
				ENABLE_TESTABILITY = YES;
				GCC_C_LANGUAGE_STANDARD = gnu11;
				GCC_DYNAMIC_NO_PIC = NO;
				GCC_NO_COMMON_BLOCKS = YES;
				GCC_OPTIMIZATION_LEVEL = 0;
				GCC_PREPROCESSOR_DEFINITIONS = (
					"DEBUG=1",
					"$(inherited)",
				);
				GCC_WARN_64_TO_32_BIT_CONVERSION = YES;
				GCC_WARN_ABOUT_RETURN_TYPE = YES_ERROR;
				GCC_WARN_UNDECLARED_SELECTOR = YES;
				GCC_WARN_UNINITIALIZED_AUTOS = YES_AGGRESSIVE;
				GCC_WARN_UNUSED_FUNCTION = YES;
				GCC_WARN_UNUSED_VARIABLE = YES;
				IPHONEOS_DEPLOYMENT_TARGET = 16.4;
				MTL_ENABLE_DEBUG_INFO = INCLUDE_SOURCE;
				MTL_FAST_MATH = YES;
				ONLY_ACTIVE_ARCH = YES;
				SDKROOT = iphoneos;
				SWIFT_ACTIVE_COMPILATION_CONDITIONS = DEBUG;
				SWIFT_OPTIMIZATION_LEVEL = "-Onone";
			};
			name = Debug;
		};
		E31A3E252B8266E800D7E5F4 /* Release */ = {
			isa = XCBuildConfiguration;
			buildSettings = {
				ALWAYS_SEARCH_USER_PATHS = NO;
				CLANG_ANALYZER_NONNULL = YES;
				CLANG_ANALYZER_NUMBER_OBJECT_CONVERSION = YES_AGGRESSIVE;
				CLANG_CXX_LANGUAGE_STANDARD = "gnu++20";
				CLANG_ENABLE_MODULES = YES;
				CLANG_ENABLE_OBJC_ARC = YES;
				CLANG_ENABLE_OBJC_WEAK = YES;
				CLANG_WARN_BLOCK_CAPTURE_AUTORELEASING = YES;
				CLANG_WARN_BOOL_CONVERSION = YES;
				CLANG_WARN_COMMA = YES;
				CLANG_WARN_CONSTANT_CONVERSION = YES;
				CLANG_WARN_DEPRECATED_OBJC_IMPLEMENTATIONS = YES;
				CLANG_WARN_DIRECT_OBJC_ISA_USAGE = YES_ERROR;
				CLANG_WARN_DOCUMENTATION_COMMENTS = YES;
				CLANG_WARN_EMPTY_BODY = YES;
				CLANG_WARN_ENUM_CONVERSION = YES;
				CLANG_WARN_INFINITE_RECURSION = YES;
				CLANG_WARN_INT_CONVERSION = YES;
				CLANG_WARN_NON_LITERAL_NULL_CONVERSION = YES;
				CLANG_WARN_OBJC_IMPLICIT_RETAIN_SELF = YES;
				CLANG_WARN_OBJC_LITERAL_CONVERSION = YES;
				CLANG_WARN_OBJC_ROOT_CLASS = YES_ERROR;
				CLANG_WARN_QUOTED_INCLUDE_IN_FRAMEWORK_HEADER = YES;
				CLANG_WARN_RANGE_LOOP_ANALYSIS = YES;
				CLANG_WARN_STRICT_PROTOTYPES = YES;
				CLANG_WARN_SUSPICIOUS_MOVE = YES;
				CLANG_WARN_UNGUARDED_AVAILABILITY = YES_AGGRESSIVE;
				CLANG_WARN_UNREACHABLE_CODE = YES;
				CLANG_WARN__DUPLICATE_METHOD_MATCH = YES;
				COPY_PHASE_STRIP = NO;
				DEBUG_INFORMATION_FORMAT = "dwarf-with-dsym";
				ENABLE_NS_ASSERTIONS = NO;
				ENABLE_STRICT_OBJC_MSGSEND = YES;
				GCC_C_LANGUAGE_STANDARD = gnu11;
				GCC_NO_COMMON_BLOCKS = YES;
				GCC_WARN_64_TO_32_BIT_CONVERSION = YES;
				GCC_WARN_ABOUT_RETURN_TYPE = YES_ERROR;
				GCC_WARN_UNDECLARED_SELECTOR = YES;
				GCC_WARN_UNINITIALIZED_AUTOS = YES_AGGRESSIVE;
				GCC_WARN_UNUSED_FUNCTION = YES;
				GCC_WARN_UNUSED_VARIABLE = YES;
				IPHONEOS_DEPLOYMENT_TARGET = 16.4;
				MTL_ENABLE_DEBUG_INFO = NO;
				MTL_FAST_MATH = YES;
				SDKROOT = iphoneos;
				SWIFT_COMPILATION_MODE = wholemodule;
				SWIFT_OPTIMIZATION_LEVEL = "-O";
				VALIDATE_PRODUCT = YES;
			};
			name = Release;
		};
		E31A3E272B8266E800D7E5F4 /* Debug */ = {
			isa = XCBuildConfiguration;
			buildSettings = {
				ASSETCATALOG_COMPILER_APPICON_NAME = AppIcon;
				ASSETCATALOG_COMPILER_GLOBAL_ACCENT_COLOR_NAME = AccentColor;
				CODE_SIGN_STYLE = Automatic;
				CURRENT_PROJECT_VERSION = 1;
				DEVELOPMENT_TEAM = DHTCPVB8K4;
				GENERATE_INFOPLIST_FILE = YES;
				INFOPLIST_FILE = YatayMenu/Info.plist;
				INFOPLIST_KEY_UIApplicationSupportsIndirectInputEvents = YES;
				INFOPLIST_KEY_UILaunchStoryboardName = LaunchScreen;
				INFOPLIST_KEY_UIMainStoryboardFile = Main;
				INFOPLIST_KEY_UISupportedInterfaceOrientations_iPad = "UIInterfaceOrientationPortrait UIInterfaceOrientationPortraitUpsideDown UIInterfaceOrientationLandscapeLeft UIInterfaceOrientationLandscapeRight";
				INFOPLIST_KEY_UISupportedInterfaceOrientations_iPhone = "UIInterfaceOrientationPortrait UIInterfaceOrientationLandscapeLeft UIInterfaceOrientationLandscapeRight";
				LD_RUNPATH_SEARCH_PATHS = (
					"$(inherited)",
					"@executable_path/Frameworks",
				);
				MARKETING_VERSION = 1.0;
				PRODUCT_BUNDLE_IDENTIFIER = com.ahmetkaramanoglu.YatayMenu;
				PRODUCT_NAME = "$(TARGET_NAME)";
				SWIFT_EMIT_LOC_STRINGS = YES;
				SWIFT_VERSION = 5.0;
				TARGETED_DEVICE_FAMILY = "1,2";
			};
			name = Debug;
		};
		E31A3E282B8266E800D7E5F4 /* Release */ = {
			isa = XCBuildConfiguration;
			buildSettings = {
				ASSETCATALOG_COMPILER_APPICON_NAME = AppIcon;
				ASSETCATALOG_COMPILER_GLOBAL_ACCENT_COLOR_NAME = AccentColor;
				CODE_SIGN_STYLE = Automatic;
				CURRENT_PROJECT_VERSION = 1;
				DEVELOPMENT_TEAM = DHTCPVB8K4;
				GENERATE_INFOPLIST_FILE = YES;
				INFOPLIST_FILE = YatayMenu/Info.plist;
				INFOPLIST_KEY_UIApplicationSupportsIndirectInputEvents = YES;
				INFOPLIST_KEY_UILaunchStoryboardName = LaunchScreen;
				INFOPLIST_KEY_UIMainStoryboardFile = Main;
				INFOPLIST_KEY_UISupportedInterfaceOrientations_iPad = "UIInterfaceOrientationPortrait UIInterfaceOrientationPortraitUpsideDown UIInterfaceOrientationLandscapeLeft UIInterfaceOrientationLandscapeRight";
				INFOPLIST_KEY_UISupportedInterfaceOrientations_iPhone = "UIInterfaceOrientationPortrait UIInterfaceOrientationLandscapeLeft UIInterfaceOrientationLandscapeRight";
				LD_RUNPATH_SEARCH_PATHS = (
					"$(inherited)",
					"@executable_path/Frameworks",
				);
				MARKETING_VERSION = 1.0;
				PRODUCT_BUNDLE_IDENTIFIER = com.ahmetkaramanoglu.YatayMenu;
				PRODUCT_NAME = "$(TARGET_NAME)";
				SWIFT_EMIT_LOC_STRINGS = YES;
				SWIFT_VERSION = 5.0;
				TARGETED_DEVICE_FAMILY = "1,2";
			};
			name = Release;
		};
		E31A3E2A2B8266E800D7E5F4 /* Debug */ = {
			isa = XCBuildConfiguration;
			buildSettings = {
				ALWAYS_EMBED_SWIFT_STANDARD_LIBRARIES = YES;
				BUNDLE_LOADER = "$(TEST_HOST)";
				CODE_SIGN_STYLE = Automatic;
				CURRENT_PROJECT_VERSION = 1;
				DEVELOPMENT_TEAM = DHTCPVB8K4;
				GENERATE_INFOPLIST_FILE = YES;
				IPHONEOS_DEPLOYMENT_TARGET = 16.4;
				MARKETING_VERSION = 1.0;
				PRODUCT_BUNDLE_IDENTIFIER = com.ahmetkaramanoglu.YatayMenuTests;
				PRODUCT_NAME = "$(TARGET_NAME)";
				SWIFT_EMIT_LOC_STRINGS = NO;
				SWIFT_VERSION = 5.0;
				TARGETED_DEVICE_FAMILY = "1,2";
				TEST_HOST = "$(BUILT_PRODUCTS_DIR)/YatayMenu.app/$(BUNDLE_EXECUTABLE_FOLDER_PATH)/YatayMenu";
			};
			name = Debug;
		};
		E31A3E2B2B8266E800D7E5F4 /* Release */ = {
			isa = XCBuildConfiguration;
			buildSettings = {
				ALWAYS_EMBED_SWIFT_STANDARD_LIBRARIES = YES;
				BUNDLE_LOADER = "$(TEST_HOST)";
				CODE_SIGN_STYLE = Automatic;
				CURRENT_PROJECT_VERSION = 1;
				DEVELOPMENT_TEAM = DHTCPVB8K4;
				GENERATE_INFOPLIST_FILE = YES;
				IPHONEOS_DEPLOYMENT_TARGET = 16.4;
				MARKETING_VERSION = 1.0;
				PRODUCT_BUNDLE_IDENTIFIER = com.ahmetkaramanoglu.YatayMenuTests;
				PRODUCT_NAME = "$(TARGET_NAME)";
				SWIFT_EMIT_LOC_STRINGS = NO;
				SWIFT_VERSION = 5.0;
				TARGETED_DEVICE_FAMILY = "1,2";
				TEST_HOST = "$(BUILT_PRODUCTS_DIR)/YatayMenu.app/$(BUNDLE_EXECUTABLE_FOLDER_PATH)/YatayMenu";
			};
			name = Release;
		};
		E31A3E2D2B8266E800D7E5F4 /* Debug */ = {
			isa = XCBuildConfiguration;
			buildSettings = {
				ALWAYS_EMBED_SWIFT_STANDARD_LIBRARIES = YES;
				CODE_SIGN_STYLE = Automatic;
				CURRENT_PROJECT_VERSION = 1;
				DEVELOPMENT_TEAM = DHTCPVB8K4;
				GENERATE_INFOPLIST_FILE = YES;
				MARKETING_VERSION = 1.0;
				PRODUCT_BUNDLE_IDENTIFIER = com.ahmetkaramanoglu.YatayMenuUITests;
				PRODUCT_NAME = "$(TARGET_NAME)";
				SWIFT_EMIT_LOC_STRINGS = NO;
				SWIFT_VERSION = 5.0;
				TARGETED_DEVICE_FAMILY = "1,2";
				TEST_TARGET_NAME = YatayMenu;
			};
			name = Debug;
		};
		E31A3E2E2B8266E800D7E5F4 /* Release */ = {
			isa = XCBuildConfiguration;
			buildSettings = {
				ALWAYS_EMBED_SWIFT_STANDARD_LIBRARIES = YES;
				CODE_SIGN_STYLE = Automatic;
				CURRENT_PROJECT_VERSION = 1;
				DEVELOPMENT_TEAM = DHTCPVB8K4;
				GENERATE_INFOPLIST_FILE = YES;
				MARKETING_VERSION = 1.0;
				PRODUCT_BUNDLE_IDENTIFIER = com.ahmetkaramanoglu.YatayMenuUITests;
				PRODUCT_NAME = "$(TARGET_NAME)";
				SWIFT_EMIT_LOC_STRINGS = NO;
				SWIFT_VERSION = 5.0;
				TARGETED_DEVICE_FAMILY = "1,2";
				TEST_TARGET_NAME = YatayMenu;
			};
			name = Release;
		};
/* End XCBuildConfiguration section */

/* Begin XCConfigurationList section */
		E31A3DF72B8266E700D7E5F4 /* Build configuration list for PBXProject "YatayMenu" */ = {
			isa = XCConfigurationList;
			buildConfigurations = (
				E31A3E242B8266E800D7E5F4 /* Debug */,
				E31A3E252B8266E800D7E5F4 /* Release */,
			);
			defaultConfigurationIsVisible = 0;
			defaultConfigurationName = Release;
		};
		E31A3E262B8266E800D7E5F4 /* Build configuration list for PBXNativeTarget "YatayMenu" */ = {
			isa = XCConfigurationList;
			buildConfigurations = (
				E31A3E272B8266E800D7E5F4 /* Debug */,
				E31A3E282B8266E800D7E5F4 /* Release */,
			);
			defaultConfigurationIsVisible = 0;
			defaultConfigurationName = Release;
		};
		E31A3E292B8266E800D7E5F4 /* Build configuration list for PBXNativeTarget "YatayMenuTests" */ = {
			isa = XCConfigurationList;
			buildConfigurations = (
				E31A3E2A2B8266E800D7E5F4 /* Debug */,
				E31A3E2B2B8266E800D7E5F4 /* Release */,
			);
			defaultConfigurationIsVisible = 0;
			defaultConfigurationName = Release;
		};
		E31A3E2C2B8266E800D7E5F4 /* Build configuration list for PBXNativeTarget "YatayMenuUITests" */ = {
			isa = XCConfigurationList;
			buildConfigurations = (
				E31A3E2D2B8266E800D7E5F4 /* Debug */,
				E31A3E2E2B8266E800D7E5F4 /* Release */,
			);
			defaultConfigurationIsVisible = 0;
			defaultConfigurationName = Release;
		};
/* End XCConfigurationList section */
	};
	rootObject = E31A3DF42B8266E700D7E5F4 /* Project object */;
}
